<?xml version="1.0" encoding="utf-8"?>
<Project ToolsVersion="4.0" xmlns="http://schemas.microsoft.com/developer/msbuild/2003">
  <ItemGroup>
    <Filter Include="Source Files">
      <UniqueIdentifier>{4FC737F1-C7A5-4376-A066-2A32D752A2FF}</UniqueIdentifier>
      <Extensions>cpp;c;cc;cxx;def;odl;idl;hpj;bat;asm;asmx</Extensions>
    </Filter>
    <Filter Include="Header Files">
      <UniqueIdentifier>{93995380-89BD-4b04-88EB-625FBE52EBFB}</UniqueIdentifier>
      <Extensions>h;hh;hpp;hxx;hm;inl;inc;xsd</Extensions>
    </Filter>
    <Filter Include="Resource Files">
      <UniqueIdentifier>{67DA6AB6-F800-4c08-8B7A-83BB121AAD01}</UniqueIdentifier>
      <Extensions>rc;ico;cur;bmp;dlg;rc2;rct;bin;rgs;gif;jpg;jpeg;jpe;resx;tiff;tif;png;wav;mfcribbon-ms</Extensions>
    </Filter>
    <Filter Include="Header Files\Camera">
      <UniqueIdentifier>{8dd08978-e7cf-494e-9466-135dadc5f031}</UniqueIdentifier>
    </Filter>
    <Filter Include="Header Files\Common">
      <UniqueIdentifier>{801cf69f-d5be-4ed3-820f-1609655c9da5}</UniqueIdentifier>
    </Filter>
    <Filter Include="Header Files\Core">
      <UniqueIdentifier>{579a72d7-b4a6-4939-9d16-bc217b2e99eb}</UniqueIdentifier>
    </Filter>
    <Filter Include="Header Files\Dialogs">
      <UniqueIdentifier>{2a0fa307-8bf7-4828-abee-526f07ba7dbb}</UniqueIdentifier>
    </Filter>
    <Filter Include="Header Files\IO">
      <UniqueIdentifier>{b30e8a21-7244-44d1-9fde-378a8d14f482}</UniqueIdentifier>
    </Filter>
    <Filter Include="Header Files\Management">
      <UniqueIdentifier>{46d39406-c464-4107-90d7-df39f669240b}</UniqueIdentifier>
    </Filter>
    <Filter Include="Header Files\PyFunc">
      <UniqueIdentifier>{c0c91802-0ff4-49b6-89d7-ed022bf63f25}</UniqueIdentifier>
    </Filter>
    <Filter Include="Header Files\Window">
      <UniqueIdentifier>{9c136488-b9d7-4a6e-85c8-1b0b27795119}</UniqueIdentifier>
    </Filter>
    <Filter Include="Header Files\WizardPages">
      <UniqueIdentifier>{ed4d1186-7589-41d3-be2d-fd54ce6bdc8d}</UniqueIdentifier>
    </Filter>
    <Filter Include="Header Files\Wizards">
      <UniqueIdentifier>{c61ab8a6-c0b4-4b51-a3c4-283cb294d198}</UniqueIdentifier>
    </Filter>
    <Filter Include="Source Files\Camera">
      <UniqueIdentifier>{80d06725-3fe5-49fa-a4a8-e6bbf3acc4d1}</UniqueIdentifier>
    </Filter>
    <Filter Include="Source Files\Common">
      <UniqueIdentifier>{bc5b04f0-ec81-46cd-a9a7-2f0d2cfa2a95}</UniqueIdentifier>
    </Filter>
    <Filter Include="Source Files\Core">
      <UniqueIdentifier>{eeb02145-d956-4ce8-9f03-3ad28a0a9248}</UniqueIdentifier>
    </Filter>
    <Filter Include="Source Files\Dialogs">
      <UniqueIdentifier>{6cc949f7-5671-4e63-bf7f-bae02f8a9f5f}</UniqueIdentifier>
    </Filter>
    <Filter Include="Source Files\IO">
      <UniqueIdentifier>{16c07143-b4e8-49bc-90c5-86c5ff59ead3}</UniqueIdentifier>
    </Filter>
    <Filter Include="Source Files\Management">
      <UniqueIdentifier>{953b3043-c098-464a-ab4b-6c34744db6e5}</UniqueIdentifier>
    </Filter>
    <Filter Include="Source Files\PyFunc">
      <UniqueIdentifier>{2c45d12e-aece-46fb-841e-30abff8daf10}</UniqueIdentifier>
    </Filter>
    <Filter Include="Source Files\Wizards">
      <UniqueIdentifier>{31392d04-5aec-425b-b8f5-77315818d11e}</UniqueIdentifier>
    </Filter>
    <Filter Include="Source Files\WizardPages">
      <UniqueIdentifier>{c270984c-87e3-4ba9-b3c0-15fca42e90c7}</UniqueIdentifier>
    </Filter>
    <Filter Include="Source Files\Window">
      <UniqueIdentifier>{7423d648-ea4e-42ad-814e-56f0357e223e}</UniqueIdentifier>
    </Filter>
  </ItemGroup>
  <ItemGroup>
    <ClInclude Include="Camera\Camera.h">
      <Filter>Header Files\Camera</Filter>
    </ClInclude>
    <ClInclude Include="Common\amath.h">
      <Filter>Header Files\Common</Filter>
    </ClInclude>
    <ClInclude Include="Common\frameEvent.h">
      <Filter>Header Files\Common</Filter>
    </ClInclude>
    <ClInclude Include="Common\GApp.h">
      <Filter>Header Files\Common</Filter>
    </ClInclude>
    <ClInclude Include="Common\GLee.h">
      <Filter>Header Files\Common</Filter>
    </ClInclude>
    <ClInclude Include="Common\glfont2.h">
      <Filter>Header Files\Common</Filter>
    </ClInclude>
    <ClInclude Include="Common\primitives.h">
      <Filter>Header Files\Common</Filter>
    </ClInclude>
    <ClInclude Include="Common\pshdefs.h">
      <Filter>Header Files\Common</Filter>
    </ClInclude>
    <ClInclude Include="Common\pshsignals.h">
      <Filter>Header Files\Common</Filter>
    </ClInclude>
    <ClInclude Include="Common\scriptprefs.h">
      <Filter>Header Files\Common</Filter>
    </ClInclude>
    <ClInclude Include="Common\supportFunctions.h">
      <Filter>Header Files\Common</Filter>
    </ClInclude>
    <ClInclude Include="Common\threadWorker.h">
      <Filter>Header Files\Common</Filter>
    </ClInclude>
    <ClInclude Include="Common\UtilityFunctions.h">
      <Filter>Header Files\Common</Filter>
    </ClInclude>
    <ClInclude Include="Core\Animation.h">
      <Filter>Header Files\Core</Filter>
    </ClInclude>
    <ClInclude Include="Core\CoreObjects.h">
      <Filter>Header Files\Core</Filter>
    </ClInclude>
    <ClInclude Include="Core\Entity.h">
      <Filter>Header Files\Core</Filter>
    </ClInclude>
    <ClInclude Include="Core\GLFrame.h">
      <Filter>Header Files\Core</Filter>
    </ClInclude>
    <ClInclude Include="Core\Mesh.h">
      <Filter>Header Files\Core</Filter>
    </ClInclude>
    <ClInclude Include="Core\Particles.h">
      <Filter>Header Files\Core</Filter>
    </ClInclude>
    <ClInclude Include="Core\pScript.h">
      <Filter>Header Files\Core</Filter>
    </ClInclude>
    <ClInclude Include="Core\PSysBoids.h">
      <Filter>Header Files\Core</Filter>
    </ClInclude>
    <ClInclude Include="Core\PSysExplode.h">
      <Filter>Header Files\Core</Filter>
    </ClInclude>
    <ClInclude Include="Core\PSysSmoke.h">
      <Filter>Header Files\Core</Filter>
    </ClInclude>
    <ClInclude Include="Core\PSysSpray.h">
      <Filter>Header Files\Core</Filter>
    </ClInclude>
    <ClInclude Include="Core\Shader.h">
      <Filter>Header Files\Core</Filter>
    </ClInclude>
    <ClInclude Include="Core\Sprite.h">
      <Filter>Header Files\Core</Filter>
    </ClInclude>
    <ClInclude Include="Core\Text.h">
      <Filter>Header Files\Core</Filter>
    </ClInclude>
    <ClInclude Include="Core\Texture.h">
      <Filter>Header Files\Core</Filter>
    </ClInclude>
    <ClInclude Include="Core\TextureBase.h">
      <Filter>Header Files\Core</Filter>
    </ClInclude>
    <ClInclude Include="Core\TextureSheet.h">
      <Filter>Header Files\Core</Filter>
    </ClInclude>
    <ClInclude Include="Core\TextureSub.h">
      <Filter>Header Files\Core</Filter>
    </ClInclude>
    <ClInclude Include="Core\Tile.h">
      <Filter>Header Files\Core</Filter>
    </ClInclude>
    <ClInclude Include="Dialogs\chooseAnimBox.h">
      <Filter>Header Files\Dialogs</Filter>
    </ClInclude>
    <ClInclude Include="Dialogs\chooseScriptBox.h">
      <Filter>Header Files\Dialogs</Filter>
    </ClInclude>
    <ClInclude Include="Dialogs\createTexBlockDlg.h">
      <Filter>Header Files\Dialogs</Filter>
    </ClInclude>
    <ClInclude Include="Dialogs\entityDupDlg.h">
      <Filter>Header Files\Dialogs</Filter>
    </ClInclude>
    <ClInclude Include="Dialogs\prefdialog.h">
      <Filter>Header Files\Dialogs</Filter>
    </ClInclude>
    <ClInclude Include="Dialogs\ProjectDialog.h">
      <Filter>Header Files\Dialogs</Filter>
    </ClInclude>
    <ClInclude Include="Dialogs\Splash.h">
      <Filter>Header Files\Dialogs</Filter>
    </ClInclude>
    <ClInclude Include="IO\ProjectFile.h">
      <Filter>Header Files\IO</Filter>
    </ClInclude>
    <ClInclude Include="IO\UIFile.h">
      <Filter>Header Files\IO</Filter>
    </ClInclude>
    <ClInclude Include="Management\animationManager.h">
      <Filter>Header Files\Management</Filter>
    </ClInclude>
    <ClInclude Include="Management\entityManager.h">
      <Filter>Header Files\Management</Filter>
    </ClInclude>
    <ClInclude Include="Management\LayerManager.h">
      <Filter>Header Files\Management</Filter>
    </ClInclude>
    <ClInclude Include="Management\scriptMng.h">
      <Filter>Header Files\Management</Filter>
    </ClInclude>
    <ClInclude Include="Management\ShaderMng.h">
      <Filter>Header Files\Management</Filter>
    </ClInclude>
    <ClInclude Include="Management\texMng.h">
      <Filter>Header Files\Management</Filter>
    </ClInclude>
    <ClInclude Include="Wizards\NewProjectWiz.h">
      <Filter>Header Files\Wizards</Filter>
    </ClInclude>
    <ClInclude Include="WizardPages\newprojectpage0.h">
      <Filter>Header Files\WizardPages</Filter>
    </ClInclude>
    <ClInclude Include="WizardPages\newprojectpage1.h">
      <Filter>Header Files\WizardPages</Filter>
    </ClInclude>
    <ClInclude Include="Window\animationResource.h">
      <Filter>Header Files\Window</Filter>
    </ClInclude>
    <ClInclude Include="Window\DataPropertyViewer.h">
      <Filter>Header Files\Window</Filter>
    </ClInclude>
    <ClInclude Include="Window\OGLWin.h">
      <Filter>Header Files\Window</Filter>
    </ClInclude>
    <ClInclude Include="Window\projectTreeView.h">
      <Filter>Header Files\Window</Filter>
    </ClInclude>
    <ClInclude Include="Window\propertyWindow.h">
      <Filter>Header Files\Window</Filter>
    </ClInclude>
    <ClInclude Include="Window\resourceWindow.h">
      <Filter>Header Files\Window</Filter>
    </ClInclude>
    <ClInclude Include="Window\textEditor.h">
      <Filter>Header Files\Window</Filter>
    </ClInclude>
    <ClInclude Include="Window\textureResource.h">
      <Filter>Header Files\Window</Filter>
    </ClInclude>
    <ClInclude Include="Window\toolBar.h">
      <Filter>Header Files\Window</Filter>
    </ClInclude>
    <ClInclude Include="Window\ToolBarScene.h">
      <Filter>Header Files\Window</Filter>
    </ClInclude>
    <ClInclude Include="Window\ToolBarTextEditor.h">
      <Filter>Header Files\Window</Filter>
    </ClInclude>
    <ClInclude Include="Window\winMng.h">
      <Filter>Header Files\Window</Filter>
    </ClInclude>
    <ClInclude Include="PyFunc\misc_test_pyscripts.h">
      <Filter>Header Files\PyFunc</Filter>
    </ClInclude>
    <ClInclude Include="PyFunc\pshEngine.h">
      <Filter>Header Files\PyFunc</Filter>
    </ClInclude>
    <ClInclude Include="PyFunc\pyFunc.h">
      <Filter>Header Files\PyFunc</Filter>
    </ClInclude>
  </ItemGroup>
  <ItemGroup>
    <ClCompile Include="Camera\Camera.cpp">
      <Filter>Source Files\Camera</Filter>
    </ClCompile>
    <ClCompile Include="Common\frameEvent.cpp">
      <Filter>Source Files\Common</Filter>
    </ClCompile>
    <ClCompile Include="Common\GLee.cpp">
      <Filter>Source Files\Common</Filter>
    </ClCompile>
    <ClCompile Include="Common\glfont2.cpp">
      <Filter>Source Files\Common</Filter>
    </ClCompile>
    <ClCompile Include="Core\Animation.cpp">
      <Filter>Source Files\Core</Filter>
    </ClCompile>
    <ClCompile Include="Core\Entity.cpp">
      <Filter>Source Files\Core</Filter>
    </ClCompile>
    <ClCompile Include="Core\GLFrame.cpp">
      <Filter>Source Files\Core</Filter>
    </ClCompile>
    <ClCompile Include="Core\Mesh.cpp">
      <Filter>Source Files\Core</Filter>
    </ClCompile>
    <ClCompile Include="Core\Particles.cpp">
      <Filter>Source Files\Core</Filter>
    </ClCompile>
    <ClCompile Include="Core\pScript.cpp">
      <Filter>Source Files\Core</Filter>
    </ClCompile>
    <ClCompile Include="Core\PSysBoids.cpp">
      <Filter>Source Files\Core</Filter>
    </ClCompile>
    <ClCompile Include="Core\PSysExplode.cpp">
      <Filter>Source Files\Core</Filter>
    </ClCompile>
    <ClCompile Include="Core\PSysSmoke.cpp">
      <Filter>Source Files\Core</Filter>
    </ClCompile>
    <ClCompile Include="Core\PSysSpray.cpp">
      <Filter>Source Files\Core</Filter>
    </ClCompile>
    <ClCompile Include="Core\Shader.cpp">
      <Filter>Source Files\Core</Filter>
    </ClCompile>
    <ClCompile Include="Core\Sprite.cpp">
      <Filter>Source Files\Core</Filter>
    </ClCompile>
    <ClCompile Include="Core\Text.cpp">
      <Filter>Source Files\Core</Filter>
    </ClCompile>
    <ClCompile Include="Core\Texture.cpp">
      <Filter>Source Files\Core</Filter>
    </ClCompile>
    <ClCompile Include="Core\TextureBase.cpp">
      <Filter>Source Files\Core</Filter>
    </ClCompile>
    <ClCompile Include="Core\TextureSheet.cpp">
      <Filter>Source Files\Core</Filter>
    </ClCompile>
    <ClCompile Include="Core\TextureSub.cpp">
      <Filter>Source Files\Core</Filter>
    </ClCompile>
    <ClCompile Include="Core\Tile.cpp">
      <Filter>Source Files\Core</Filter>
    </ClCompile>
    <ClCompile Include="Dialogs\chooseAnimBox.cpp">
      <Filter>Source Files\Dialogs</Filter>
    </ClCompile>
    <ClCompile Include="Dialogs\chooseScriptBox.cpp">
      <Filter>Source Files\Dialogs</Filter>
    </ClCompile>
    <ClCompile Include="Dialogs\createTexBlockDlg.cpp">
      <Filter>Source Files\Dialogs</Filter>
    </ClCompile>
    <ClCompile Include="Dialogs\entityDupDlg.cpp">
      <Filter>Source Files\Dialogs</Filter>
    </ClCompile>
    <ClCompile Include="Dialogs\prefdialog.cpp">
      <Filter>Source Files\Dialogs</Filter>
    </ClCompile>
    <ClCompile Include="Dialogs\ProjectDialog.cpp">
      <Filter>Source Files\Dialogs</Filter>
    </ClCompile>
    <ClCompile Include="Dialogs\Splash.cpp">
      <Filter>Source Files\Dialogs</Filter>
    </ClCompile>
    <ClCompile Include="IO\ProjectFile.cpp">
      <Filter>Source Files\IO</Filter>
    </ClCompile>
    <ClCompile Include="IO\UIFile.cpp">
      <Filter>Source Files\IO</Filter>
    </ClCompile>
    <ClCompile Include="Management\animationManager.cpp">
      <Filter>Source Files\Management</Filter>
    </ClCompile>
    <ClCompile Include="Management\entityManager.cpp">
      <Filter>Source Files\Management</Filter>
    </ClCompile>
    <ClCompile Include="Management\LayerManager.cpp">
      <Filter>Source Files\Management</Filter>
    </ClCompile>
    <ClCompile Include="Management\scriptMng.cpp">
      <Filter>Source Files\Management</Filter>
    </ClCompile>
    <ClCompile Include="Management\ShaderMng.cpp">
      <Filter>Source Files\Management</Filter>
    </ClCompile>
    <ClCompile Include="Management\texMng.cpp">
      <Filter>Source Files\Management</Filter>
    </ClCompile>
    <ClCompile Include="Management\tileEntityManager.cpp">
      <Filter>Source Files\Management</Filter>
    </ClCompile>
    <ClCompile Include="Window\animationResource.cpp">
      <Filter>Source Files\Window</Filter>
    </ClCompile>
    <ClCompile Include="Window\DataPropertyViewer.cpp">
      <Filter>Source Files\Window</Filter>
    </ClCompile>
    <ClCompile Include="Window\OGLWin.cpp">
      <Filter>Source Files\Window</Filter>
    </ClCompile>
    <ClCompile Include="Window\projectTreeView.cpp">
      <Filter>Source Files\Window</Filter>
    </ClCompile>
    <ClCompile Include="Window\propertyWindow.cpp">
      <Filter>Source Files\Window</Filter>
    </ClCompile>
    <ClCompile Include="Window\resourceWindow.cpp">
      <Filter>Source Files\Window</Filter>
    </ClCompile>
    <ClCompile Include="Window\textEditor.cpp">
      <Filter>Source Files\Window</Filter>
    </ClCompile>
    <ClCompile Include="Window\textureResource.cpp">
      <Filter>Source Files\Window</Filter>
    </ClCompile>
    <ClCompile Include="Window\toolBar.cpp">
      <Filter>Source Files\Window</Filter>
    </ClCompile>
    <ClCompile Include="Window\ToolBarScene.cpp">
      <Filter>Source Files\Window</Filter>
    </ClCompile>
    <ClCompile Include="Window\ToolBarTextEditor.cpp">
      <Filter>Source Files\Window</Filter>
    </ClCompile>
    <ClCompile Include="Window\winMng.cpp">
      <Filter>Source Files\Window</Filter>
    </ClCompile>
    <ClCompile Include="WizardPages\newprojectpage0.cpp">
      <Filter>Source Files\WizardPages</Filter>
    </ClCompile>
    <ClCompile Include="WizardPages\newprojectpage1.cpp">
      <Filter>Source Files\WizardPages</Filter>
    </ClCompile>
    <ClCompile Include="Wizards\NewProjectWiz.cpp">
      <Filter>Source Files\Wizards</Filter>
    </ClCompile>
    <ClCompile Include="PyFunc\pshEngine.cpp">
      <Filter>Source Files\PyFunc</Filter>
    </ClCompile>
    <ClCompile Include="main.cpp">
      <Filter>Source Files</Filter>
    </ClCompile>
  </ItemGroup>
</Project>